{
  "name": "sample-application",
  "lockfileVersion": 3,
  "requires": true,
  "packages": {
    "": {
      "dependencies": {
        "example": "file:../malicious-depenency"
      }
    },
    "../malicious-depenency": {
      "name": "example",
      "version": "1.0.0",
      "license": "ISC"
    },
    "node_modules/example": {
      "resolved": "../malicious-depenency",
      "link": true
    }
  }
}
