{
  "name": "test_app",
  "lockfileVersion": 3,
  "requires": true,
  "packages": {
    "": {
      "dependencies": {
        "example8": "file:../malicious_dependency",
        "example9": "file:../malicious_dependency"
      }
    },
    "../malicious_dependency": {
      "version": "1.0.0",
      "license": "ISC"
    },
    "node_modules/example8": {
      "resolved": "../malicious_dependency",
      "link": true
    },
    "node_modules/example9": {
      "resolved": "../malicious_dependency",
      "link": true
    }
  }
}
